
Microsoft Visual Studio Solution File, Format Version 12.00
# Visual Studio Version 16
VisualStudioVersion = 16.0.30011.22
MinimumVisualStudioVersion = 10.0.40219.1
Project("{9A19103F-16F7-4668-BE54-9A1E7A4F7556}") = "LeoBayView", "LeoBayView\LeoBayView.csproj", "{C7A72781-1C72-4D2E-AC38-2B2F3F1A557A}"
EndProject
Project("{9A19103F-16F7-4668-BE54-9A1E7A4F7556}") = "LeoBayController", "LeoBayController\LeoBayController.csproj", "{33C988C8-78AC-41FD-A3C8-C03182A972F9}"
EndProject
Project("{FAE04EC0-301F-11D3-BF4B-00C04F79EFBC}") = "LeoBayModel", "LeoBayModel\LeoBayModel.csproj", "{3C927B15-437A-45BE-90E5-DB581AF50F76}"
EndProject
Project("{FAE04EC0-301F-11D3-BF4B-00C04F79EFBC}") = "LeoBayTests", "LeoBayTests\LeoBayTests.csproj", "{E4A25FF7-3971-44C0-94E2-5441BC657825}"
EndProject
Global
	GlobalSection(SolutionConfigurationPlatforms) = preSolution
		Debug|Any CPU = Debug|Any CPU
		Release|Any CPU = Release|Any CPU
	EndGlobalSection
	GlobalSection(ProjectConfigurationPlatforms) = postSolution
		{C7A72781-1C72-4D2E-AC38-2B2F3F1A557A}.Debug|Any CPU.ActiveCfg = Debug|Any CPU
		{C7A72781-1C72-4D2E-AC38-2B2F3F1A557A}.Debug|Any CPU.Build.0 = Debug|Any CPU
		{C7A72781-1C72-4D2E-AC38-2B2F3F1A557A}.Release|Any CPU.ActiveCfg = Release|Any CPU
		{C7A72781-1C72-4D2E-AC38-2B2F3F1A557A}.Release|Any CPU.Build.0 = Release|Any CPU
		{33C988C8-78AC-41FD-A3C8-C03182A972F9}.Debug|Any CPU.ActiveCfg = Debug|Any CPU
		{33C988C8-78AC-41FD-A3C8-C03182A972F9}.Debug|Any CPU.Build.0 = Debug|Any CPU
		{33C988C8-78AC-41FD-A3C8-C03182A972F9}.Release|Any CPU.ActiveCfg = Release|Any CPU
		{33C988C8-78AC-41FD-A3C8-C03182A972F9}.Release|Any CPU.Build.0 = Release|Any CPU
		{3C927B15-437A-45BE-90E5-DB581AF50F76}.Debug|Any CPU.ActiveCfg = Debug|Any CPU
		{3C927B15-437A-45BE-90E5-DB581AF50F76}.Debug|Any CPU.Build.0 = Debug|Any CPU
		{3C927B15-437A-45BE-90E5-DB581AF50F76}.Release|Any CPU.ActiveCfg = Release|Any CPU
		{3C927B15-437A-45BE-90E5-DB581AF50F76}.Release|Any CPU.Build.0 = Release|Any CPU
		{E4A25FF7-3971-44C0-94E2-5441BC657825}.Debug|Any CPU.ActiveCfg = Debug|Any CPU
		{E4A25FF7-3971-44C0-94E2-5441BC657825}.Debug|Any CPU.Build.0 = Debug|Any CPU
		{E4A25FF7-3971-44C0-94E2-5441BC657825}.Release|Any CPU.ActiveCfg = Release|Any CPU
		{E4A25FF7-3971-44C0-94E2-5441BC657825}.Release|Any CPU.Build.0 = Release|Any CPU
	EndGlobalSection
	GlobalSection(SolutionProperties) = preSolution
		HideSolutionNode = FALSE
	EndGlobalSection
	GlobalSection(ExtensibilityGlobals) = postSolution
		SolutionGuid = {70D81F73-6E58-4B55-955A-6238296C8137}
	EndGlobalSection
EndGlobal
